hash: a351884301422f8212c3aa9dd5a12eb264349bed3c844b9cb804d4772edc0df4
updated: 2017-05-14T01:22:23.066516617+02:00
imports:
- name: github.com/certifi/gocertifi
  version: a9c833d2837d3b16888d55d5aafa9ffe9afb22b0
- name: github.com/docker/docker
  version: 78d18021ecba00c00730dec9d56de6896f9e708d
  subpackages:
  - opts
  - pkg/archive
  - pkg/fileutils
  - pkg/homedir
  - pkg/idtools
  - pkg/ioutils
  - pkg/longpath
  - pkg/pools
  - pkg/promise
  - pkg/stdcopy
  - pkg/system
- name: github.com/docker/engine-api
  version: 4290f40c056686fcaa5c9caf02eac1dde9315adf
  subpackages:
  - types/filters
  - types/versions
- name: github.com/docker/go-units
  version: f2d77a61e3c169b43402a0a1e84f06daf29b8190
- name: github.com/evalphobia/logrus_sentry
  version: 7c1b7faba7ed5772effc03db8e1faa8c90624660
- name: github.com/fatih/structs
  version: a720dfa8df582c51dee1b36feabb906bde1588bd
- name: github.com/fsouza/go-dockerclient
  version: 1a3d0cfd7814bbfe44ada7617654948c99891749
- name: github.com/getsentry/raven-go
  version: b8684db99b339af19aa6f067df3be9de6e995f89
- name: github.com/hashicorp/go-cleanhttp
  version: 3573b8b52aa7b37b9358d966a898feb387f62437
- name: github.com/influxdata/influxdb
  version: 77909d7c7826afe597b12d957996d6e16cd1afaa
  subpackages:
  - client/v2
  - models
  - pkg/escape
- name: github.com/olebedev/config
  version: dd1049a3738432dfc49417e2ae5bd97e132ecac6
- name: github.com/opencontainers/runc
  version: c1287819af73a4408e089a358d28d18f6adb7dfc
  subpackages:
  - libcontainer/user
- name: github.com/pkg/errors
  version: c605e284fe17294bda444b34710735b29d1a9d90
- name: github.com/serenize/snaker
  version: 8824b61eca66d308fcb2d515287d3d7a28dba8d6
- name: github.com/Sirupsen/logrus
  version: ba1b36c82c5e05c4f912a88eab0dcd91a171688f
- name: golang.org/x/net
  version: 84f0e6f92b10139f986b1756e149a7d9de270cdc
  subpackages:
  - context
- name: golang.org/x/sys
  version: f845067cf72a21fb4929b0e6a35273bd83b56396
  subpackages:
  - unix
- name: gopkg.in/yaml.v2
  version: cd8b52f8269e0feb286dfeef29f8fe4d5b397e0b
testImports: []
