# This file is autogenerated, do not edit; changes may be undone by the next 'dep ensure'.


[[projects]]
  name = "github.com/Shopify/sarama"
  packages = ["."]
  revision = "35324cf48e33d8260e1c7c18854465a904ade249"
  version = "v1.17.0"

[[projects]]
  name = "github.com/Sirupsen/logrus"
  packages = ["."]
  revision = "ba1b36c82c5e05c4f912a88eab0dcd91a171688f"
  version = "v0.11.5"

[[projects]]
  name = "github.com/certifi/gocertifi"
  packages = ["."]
  revision = "a9c833d2837d3b16888d55d5aafa9ffe9afb22b0"
  version = "2017.04.17"

[[projects]]
  name = "github.com/davecgh/go-spew"
  packages = ["spew"]
  revision = "346938d642f2ec3594ed81d874461961cd0faa76"
  version = "v1.1.0"

[[projects]]
  name = "github.com/docker/docker"
  packages = [
    "opts",
    "pkg/archive",
    "pkg/fileutils",
    "pkg/homedir",
    "pkg/idtools",
    "pkg/ioutils",
    "pkg/longpath",
    "pkg/pools",
    "pkg/promise",
    "pkg/stdcopy",
    "pkg/system"
  ]
  revision = "78d18021ecba00c00730dec9d56de6896f9e708d"
  version = "v1.12.6"

[[projects]]
  branch = "master"
  name = "github.com/docker/engine-api"
  packages = [
    "types/filters",
    "types/versions"
  ]
  revision = "4290f40c056686fcaa5c9caf02eac1dde9315adf"

[[projects]]
  name = "github.com/docker/go-units"
  packages = ["."]
  revision = "f2d77a61e3c169b43402a0a1e84f06daf29b8190"
  version = "v0.3.1"

[[projects]]
  name = "github.com/eapache/go-resiliency"
  packages = ["breaker"]
  revision = "ea41b0fad31007accc7f806884dcdf3da98b79ce"
  version = "v1.1.0"

[[projects]]
  branch = "master"
  name = "github.com/eapache/go-xerial-snappy"
  packages = ["."]
  revision = "040cc1a32f578808623071247fdbd5cc43f37f5f"

[[projects]]
  name = "github.com/eapache/queue"
  packages = ["."]
  revision = "44cc805cf13205b55f69e14bcb69867d1ae92f98"
  version = "v1.1.0"

[[projects]]
  name = "github.com/evalphobia/logrus_sentry"
  packages = ["."]
  revision = "7c1b7faba7ed5772effc03db8e1faa8c90624660"
  version = "v0.2.14"

[[projects]]
  name = "github.com/fatih/structs"
  packages = ["."]
  revision = "a720dfa8df582c51dee1b36feabb906bde1588bd"
  version = "v1.0"

[[projects]]
  name = "github.com/fsouza/go-dockerclient"
  packages = ["."]
  revision = "1a3d0cfd7814bbfe44ada7617654948c99891749"

[[projects]]
  name = "github.com/getsentry/raven-go"
  packages = ["."]
  revision = "b8684db99b339af19aa6f067df3be9de6e995f89"

[[projects]]
  branch = "master"
  name = "github.com/golang/snappy"
  packages = ["."]
  revision = "2e65f85255dbc3072edf28d6b5b8efc472979f5a"

[[projects]]
  name = "github.com/hashicorp/go-cleanhttp"
  packages = ["."]
  revision = "3573b8b52aa7b37b9358d966a898feb387f62437"

[[projects]]
  name = "github.com/influxdata/influxdb"
  packages = [
    "client/v2",
    "models",
    "pkg/escape"
  ]
  revision = "77909d7c7826afe597b12d957996d6e16cd1afaa"
  version = "v1.2.4"

[[projects]]
  name = "github.com/influxdata/telegraf"
  packages = [
    ".",
    "metric",
    "plugins/serializers",
    "plugins/serializers/graphite",
    "plugins/serializers/influx",
    "plugins/serializers/json"
  ]
  revision = "4dc29d0e9700177250e95742de17b0e666ce2ee3"
  version = "1.7.3"

[[projects]]
  name = "github.com/olebedev/config"
  packages = ["."]
  revision = "dd1049a3738432dfc49417e2ae5bd97e132ecac6"

[[projects]]
  name = "github.com/opencontainers/runc"
  packages = ["libcontainer/user"]
  revision = "c1287819af73a4408e089a358d28d18f6adb7dfc"

[[projects]]
  name = "github.com/pierrec/lz4"
  packages = [
    ".",
    "internal/xxh32"
  ]
  revision = "1958fd8fff7f115e79725b1288e0b878b3e06b00"
  version = "v2.0.3"

[[projects]]
  name = "github.com/pkg/errors"
  packages = ["."]
  revision = "c605e284fe17294bda444b34710735b29d1a9d90"

[[projects]]
  branch = "master"
  name = "github.com/rcrowley/go-metrics"
  packages = ["."]
  revision = "e2704e165165ec55d062f5919b4b29494e9fa790"

[[projects]]
  name = "github.com/serenize/snaker"
  packages = ["."]
  revision = "8824b61eca66d308fcb2d515287d3d7a28dba8d6"

[[projects]]
  name = "golang.org/x/net"
  packages = ["context"]
  revision = "84f0e6f92b10139f986b1756e149a7d9de270cdc"

[[projects]]
  name = "golang.org/x/sys"
  packages = ["unix"]
  revision = "f845067cf72a21fb4929b0e6a35273bd83b56396"

[[projects]]
  name = "gopkg.in/yaml.v2"
  packages = ["."]
  revision = "cd8b52f8269e0feb286dfeef29f8fe4d5b397e0b"

[solve-meta]
  analyzer-name = "dep"
  analyzer-version = 1
  inputs-digest = "3aa050ed2372f28425a3a7f04cb10cc0107cbfc0349882350e9e9e08de2f151b"
  solver-name = "gps-cdcl"
  solver-version = 1
